
Microsoft Visual Studio Solution File, Format Version 12.00
# Visual Studio Version 17
VisualStudioVersion = 17.1.32228.430
MinimumVisualStudioVersion = 10.0.40219.1
Project("{2150E333-8FDC-42A3-9474-1A3956D46DE8}") = "Exercice1", "Exercice1", "{A976A864-2611-4377-A4D4-3B7BB35E6DC1}"
EndProject
Project("{2150E333-8FDC-42A3-9474-1A3956D46DE8}") = "tests", "tests", "{7CD4F858-6C41-42F3-A699-078BD175CC04}"
EndProject
Project("{9A19103F-16F7-4668-BE54-9A1E7A4F7556}") = "SuggestionsTerme.UnitTests", "tests\SuggestionsTerme.UnitTests\SuggestionsTerme.UnitTests.csproj", "{878C377B-4155-469C-A66A-4DE2B738AEDF}"
EndProject
Project("{9A19103F-16F7-4668-BE54-9A1E7A4F7556}") = "SuggestionsTerme", "src\SuggestionsTerme\SuggestionsTerme.csproj", "{B7A510A2-EFEB-49F6-9B1D-1045E4740EA8}"
EndProject
Global
	GlobalSection(SolutionConfigurationPlatforms) = preSolution
		Debug|Any CPU = Debug|Any CPU
		Release|Any CPU = Release|Any CPU
	EndGlobalSection
	GlobalSection(ProjectConfigurationPlatforms) = postSolution
		{878C377B-4155-469C-A66A-4DE2B738AEDF}.Debug|Any CPU.ActiveCfg = Debug|Any CPU
		{878C377B-4155-469C-A66A-4DE2B738AEDF}.Debug|Any CPU.Build.0 = Debug|Any CPU
		{878C377B-4155-469C-A66A-4DE2B738AEDF}.Release|Any CPU.ActiveCfg = Release|Any CPU
		{878C377B-4155-469C-A66A-4DE2B738AEDF}.Release|Any CPU.Build.0 = Release|Any CPU
		{B7A510A2-EFEB-49F6-9B1D-1045E4740EA8}.Debug|Any CPU.ActiveCfg = Debug|Any CPU
		{B7A510A2-EFEB-49F6-9B1D-1045E4740EA8}.Debug|Any CPU.Build.0 = Debug|Any CPU
		{B7A510A2-EFEB-49F6-9B1D-1045E4740EA8}.Release|Any CPU.ActiveCfg = Release|Any CPU
		{B7A510A2-EFEB-49F6-9B1D-1045E4740EA8}.Release|Any CPU.Build.0 = Release|Any CPU
	EndGlobalSection
	GlobalSection(SolutionProperties) = preSolution
		HideSolutionNode = FALSE
	EndGlobalSection
	GlobalSection(NestedProjects) = preSolution
		{878C377B-4155-469C-A66A-4DE2B738AEDF} = {7CD4F858-6C41-42F3-A699-078BD175CC04}
		{B7A510A2-EFEB-49F6-9B1D-1045E4740EA8} = {A976A864-2611-4377-A4D4-3B7BB35E6DC1}
	EndGlobalSection
	GlobalSection(ExtensibilityGlobals) = postSolution
		SolutionGuid = {4F678440-0626-4AD7-9459-7C7AE8993097}
	EndGlobalSection
EndGlobal
